
Microsoft Visual Studio Solution File, Format Version 12.00
# Visual Studio 14
VisualStudioVersion = 14.0.25420.1
MinimumVisualStudioVersion = 10.0.40219.1
Project("{FAE04EC0-301F-11D3-BF4B-00C04F79EFBC}") = "Proceso", "Proceso\Proceso.csproj", "{AB298E78-E2A6-43C9-98FE-0C8C05F3CDCE}"
EndProject
Project("{FAE04EC0-301F-11D3-BF4B-00C04F79EFBC}") = "lecturaFacturas", "lecturaFacturas\lecturaFacturas.csproj", "{643CD204-33DA-49AD-B8E1-161E60795D5A}"
EndProject
Global
	GlobalSection(SolutionConfigurationPlatforms) = preSolution
		Debug|Any CPU = Debug|Any CPU
		Release|Any CPU = Release|Any CPU
	EndGlobalSection
	GlobalSection(ProjectConfigurationPlatforms) = postSolution
		{AB298E78-E2A6-43C9-98FE-0C8C05F3CDCE}.Debug|Any CPU.ActiveCfg = Debug|Any CPU
		{AB298E78-E2A6-43C9-98FE-0C8C05F3CDCE}.Debug|Any CPU.Build.0 = Debug|Any CPU
		{AB298E78-E2A6-43C9-98FE-0C8C05F3CDCE}.Release|Any CPU.ActiveCfg = Release|Any CPU
		{AB298E78-E2A6-43C9-98FE-0C8C05F3CDCE}.Release|Any CPU.Build.0 = Release|Any CPU
		{643CD204-33DA-49AD-B8E1-161E60795D5A}.Debug|Any CPU.ActiveCfg = Debug|Any CPU
		{643CD204-33DA-49AD-B8E1-161E60795D5A}.Debug|Any CPU.Build.0 = Debug|Any CPU
		{643CD204-33DA-49AD-B8E1-161E60795D5A}.Release|Any CPU.ActiveCfg = Release|Any CPU
		{643CD204-33DA-49AD-B8E1-161E60795D5A}.Release|Any CPU.Build.0 = Release|Any CPU
	EndGlobalSection
	GlobalSection(SolutionProperties) = preSolution
		HideSolutionNode = FALSE
	EndGlobalSection
EndGlobal
